// !$*UTF8*$!
{
	archiveVersion = 1;
	classes = {
	};
	objectVersion = 77;
	objects = {

/* Begin PBXContainerItemProxy section */
		B9FD22422DB75E33001C6BE4 /* PBXContainerItemProxy */ = {
			isa = PBXContainerItemProxy;
			containerPortal = B9FD222B2DB75E32001C6BE4 /* Project object */;
			proxyType = 1;
			remoteGlobalIDString = B9FD22322DB75E32001C6BE4;
			remoteInfo = "photo-export";
		};
		B9FD224C2DB75E33001C6BE4 /* PBXContainerItemProxy */ = {
			isa = PBXContainerItemProxy;
			containerPortal = B9FD222B2DB75E32001C6BE4 /* Project object */;
			proxyType = 1;
			remoteGlobalIDString = B9FD22322DB75E32001C6BE4;
			remoteInfo = "photo-export";
		};
/* End PBXContainerItemProxy section */

/* Begin PBXFileReference section */
		B9FD22332DB75E32001C6BE4 /* photo-export.app */ = {isa = PBXFileReference; explicitFileType = wrapper.application; includeInIndex = 0; path = "photo-export.app"; sourceTree = BUILT_PRODUCTS_DIR; };
		B9FD22412DB75E33001C6BE4 /* photo-exportTests.xctest */ = {isa = PBXFileReference; explicitFileType = wrapper.cfbundle; includeInIndex = 0; path = "photo-exportTests.xctest"; sourceTree = BUILT_PRODUCTS_DIR; };
		B9FD224B2DB75E33001C6BE4 /* photo-exportUITests.xctest */ = {isa = PBXFileReference; explicitFileType = wrapper.cfbundle; includeInIndex = 0; path = "photo-exportUITests.xctest"; sourceTree = BUILT_PRODUCTS_DIR; };
/* End PBXFileReference section */

/* Begin PBXFileSystemSynchronizedBuildFileExceptionSet section */
		B91D158C2E65A200001A9D2A /* Exceptions for "photo-export" folder in "photo-export" target */ = {
			isa = PBXFileSystemSynchronizedBuildFileExceptionSet;
			membershipExceptions = (
				Project.xcconfig,
			);
			target = B9FD22322DB75E32001C6BE4 /* photo-export */;
		};
/* End PBXFileSystemSynchronizedBuildFileExceptionSet section */

/* Begin PBXFileSystemSynchronizedRootGroup section */
		B9FD22352DB75E32001C6BE4 /* photo-export */ = {
			isa = PBXFileSystemSynchronizedRootGroup;
			exceptions = (
				B91D158C2E65A200001A9D2A /* Exceptions for "photo-export" folder in "photo-export" target */,
			);
			path = "photo-export";
			sourceTree = "<group>";
		};
		B9FD22442DB75E33001C6BE4 /* photo-exportTests */ = {
			isa = PBXFileSystemSynchronizedRootGroup;
			path = "photo-exportTests";
			sourceTree = "<group>";
		};
		B9FD224E2DB75E33001C6BE4 /* photo-exportUITests */ = {
			isa = PBXFileSystemSynchronizedRootGroup;
			path = "photo-exportUITests";
			sourceTree = "<group>";
		};
/* End PBXFileSystemSynchronizedRootGroup section */

/* Begin PBXFrameworksBuildPhase section */
		B9FD22302DB75E32001C6BE4 /* Frameworks */ = {
			isa = PBXFrameworksBuildPhase;
			buildActionMask = 2147483647;
			files = (
			);
			runOnlyForDeploymentPostprocessing = 0;
		};
		B9FD223E2DB75E33001C6BE4 /* Frameworks */ = {
			isa = PBXFrameworksBuildPhase;
			buildActionMask = 2147483647;
			files = (
			);
			runOnlyForDeploymentPostprocessing = 0;
		};
		B9FD22482DB75E33001C6BE4 /* Frameworks */ = {
			isa = PBXFrameworksBuildPhase;
			buildActionMask = 2147483647;
			files = (
			);
			runOnlyForDeploymentPostprocessing = 0;
		};
/* End PBXFrameworksBuildPhase section */

/* Begin PBXGroup section */
		B9FD222A2DB75E32001C6BE4 = {
			isa = PBXGroup;
			children = (
				B9FD22352DB75E32001C6BE4 /* photo-export */,
				B9FD22442DB75E33001C6BE4 /* photo-exportTests */,
				B9FD224E2DB75E33001C6BE4 /* photo-exportUITests */,
				B9FD22342DB75E32001C6BE4 /* Products */,
			);
			sourceTree = "<group>";
		};
		B9FD22342DB75E32001C6BE4 /* Products */ = {
			isa = PBXGroup;
			children = (
				B9FD22332DB75E32001C6BE4 /* photo-export.app */,
				B9FD22412DB75E33001C6BE4 /* photo-exportTests.xctest */,
				B9FD224B2DB75E33001C6BE4 /* photo-exportUITests.xctest */,
			);
			name = Products;
			sourceTree = "<group>";
		};
/* End PBXGroup section */

/* Begin PBXNativeTarget section */
		B9FD22322DB75E32001C6BE4 /* photo-export */ = {
			isa = PBXNativeTarget;
			buildConfigurationList = B9FD22552DB75E33001C6BE4 /* Build configuration list for PBXNativeTarget "photo-export" */;
			buildPhases = (
				B9FD222F2DB75E32001C6BE4 /* Sources */,
				B9FD22302DB75E32001C6BE4 /* Frameworks */,
				B9FD22312DB75E32001C6BE4 /* Resources */,
			);
			buildRules = (
			);
			dependencies = (
			);
			fileSystemSynchronizedGroups = (
				B9FD22352DB75E32001C6BE4 /* photo-export */,
			);
			name = "photo-export";
			packageProductDependencies = (
			);
			productName = "photo-export";
			productReference = B9FD22332DB75E32001C6BE4 /* photo-export.app */;
			productType = "com.apple.product-type.application";
		};
		B9FD22402DB75E33001C6BE4 /* photo-exportTests */ = {
			isa = PBXNativeTarget;
			buildConfigurationList = B9FD22582DB75E33001C6BE4 /* Build configuration list for PBXNativeTarget "photo-exportTests" */;
			buildPhases = (
				B9FD223D2DB75E33001C6BE4 /* Sources */,
				B9FD223E2DB75E33001C6BE4 /* Frameworks */,
				B9FD223F2DB75E33001C6BE4 /* Resources */,
			);
			buildRules = (
			);
			dependencies = (
				B9FD22432DB75E33001C6BE4 /* PBXTargetDependency */,
			);
			fileSystemSynchronizedGroups = (
				B9FD22442DB75E33001C6BE4 /* photo-exportTests */,
			);
			name = "photo-exportTests";
			packageProductDependencies = (
			);
			productName = "photo-exportTests";
			productReference = B9FD22412DB75E33001C6BE4 /* photo-exportTests.xctest */;
			productType = "com.apple.product-type.bundle.unit-test";
		};
		B9FD224A2DB75E33001C6BE4 /* photo-exportUITests */ = {
			isa = PBXNativeTarget;
			buildConfigurationList = B9FD225B2DB75E33001C6BE4 /* Build configuration list for PBXNativeTarget "photo-exportUITests" */;
			buildPhases = (
				B9FD22472DB75E33001C6BE4 /* Sources */,
				B9FD22482DB75E33001C6BE4 /* Frameworks */,
				B9FD22492DB75E33001C6BE4 /* Resources */,
			);
			buildRules = (
			);
			dependencies = (
				B9FD224D2DB75E33001C6BE4 /* PBXTargetDependency */,
			);
			fileSystemSynchronizedGroups = (
				B9FD224E2DB75E33001C6BE4 /* photo-exportUITests */,
			);
			name = "photo-exportUITests";
			packageProductDependencies = (
			);
			productName = "photo-exportUITests";
			productReference = B9FD224B2DB75E33001C6BE4 /* photo-exportUITests.xctest */;
			productType = "com.apple.product-type.bundle.ui-testing";
		};
/* End PBXNativeTarget section */

/* Begin PBXProject section */
		B9FD222B2DB75E32001C6BE4 /* Project object */ = {
			isa = PBXProject;
			attributes = {
				BuildIndependentTargetsInParallel = 1;
				LastSwiftUpdateCheck = 1630;
				LastUpgradeCheck = 1640;
				TargetAttributes = {
					B9FD22322DB75E32001C6BE4 = {
						CreatedOnToolsVersion = 16.3;
					};
					B9FD22402DB75E33001C6BE4 = {
						CreatedOnToolsVersion = 16.3;
						TestTargetID = B9FD22322DB75E32001C6BE4;
					};
					B9FD224A2DB75E33001C6BE4 = {
						CreatedOnToolsVersion = 16.3;
						TestTargetID = B9FD22322DB75E32001C6BE4;
					};
				};
			};
			buildConfigurationList = B9FD222E2DB75E32001C6BE4 /* Build configuration list for PBXProject "photo-export" */;
			developmentRegion = en;
			hasScannedForEncodings = 0;
			knownRegions = (
				en,
				Base,
			);
			mainGroup = B9FD222A2DB75E32001C6BE4;
			minimizedProjectReferenceProxies = 1;
			preferredProjectObjectVersion = 77;
			productRefGroup = B9FD22342DB75E32001C6BE4 /* Products */;
			projectDirPath = "";
			projectRoot = "";
			targets = (
				B9FD22322DB75E32001C6BE4 /* photo-export */,
				B9FD22402DB75E33001C6BE4 /* photo-exportTests */,
				B9FD224A2DB75E33001C6BE4 /* photo-exportUITests */,
			);
		};
/* End PBXProject section */

/* Begin PBXResourcesBuildPhase section */
		B9FD22312DB75E32001C6BE4 /* Resources */ = {
			isa = PBXResourcesBuildPhase;
			buildActionMask = 2147483647;
			files = (
			);
			runOnlyForDeploymentPostprocessing = 0;
		};
		B9FD223F2DB75E33001C6BE4 /* Resources */ = {
			isa = PBXResourcesBuildPhase;
			buildActionMask = 2147483647;
			files = (
			);
			runOnlyForDeploymentPostprocessing = 0;
		};
		B9FD22492DB75E33001C6BE4 /* Resources */ = {
			isa = PBXResourcesBuildPhase;
			buildActionMask = 2147483647;
			files = (
			);
			runOnlyForDeploymentPostprocessing = 0;
		};
/* End PBXResourcesBuildPhase section */

/* Begin PBXSourcesBuildPhase section */
		B9FD222F2DB75E32001C6BE4 /* Sources */ = {
			isa = PBXSourcesBuildPhase;
			buildActionMask = 2147483647;
			files = (
			);
			runOnlyForDeploymentPostprocessing = 0;
		};
		B9FD223D2DB75E33001C6BE4 /* Sources */ = {
			isa = PBXSourcesBuildPhase;
			buildActionMask = 2147483647;
			files = (
			);
			runOnlyForDeploymentPostprocessing = 0;
		};
		B9FD22472DB75E33001C6BE4 /* Sources */ = {
			isa = PBXSourcesBuildPhase;
			buildActionMask = 2147483647;
			files = (
			);
			runOnlyForDeploymentPostprocessing = 0;
		};
/* End PBXSourcesBuildPhase section */

/* Begin PBXTargetDependency section */
		B9FD22432DB75E33001C6BE4 /* PBXTargetDependency */ = {
			isa = PBXTargetDependency;
			target = B9FD22322DB75E32001C6BE4 /* photo-export */;
			targetProxy = B9FD22422DB75E33001C6BE4 /* PBXContainerItemProxy */;
		};
		B9FD224D2DB75E33001C6BE4 /* PBXTargetDependency */ = {
			isa = PBXTargetDependency;
			target = B9FD22322DB75E32001C6BE4 /* photo-export */;
			targetProxy = B9FD224C2DB75E33001C6BE4 /* PBXContainerItemProxy */;
		};
/* End PBXTargetDependency section */

/* Begin XCBuildConfiguration section */
		B9FD22532DB75E33001C6BE4 /* Debug */ = {
			isa = XCBuildConfiguration;
			buildSettings = {
				ALWAYS_SEARCH_USER_PATHS = NO;
				ASSETCATALOG_COMPILER_GENERATE_SWIFT_ASSET_SYMBOL_EXTENSIONS = YES;
				CLANG_ANALYZER_NONNULL = YES;
				CLANG_ANALYZER_NUMBER_OBJECT_CONVERSION = YES_AGGRESSIVE;
				CLANG_CXX_LANGUAGE_STANDARD = "gnu++20";
				CLANG_ENABLE_MODULES = YES;
				CLANG_ENABLE_OBJC_ARC = YES;
				CLANG_ENABLE_OBJC_WEAK = YES;
				CLANG_WARN_BLOCK_CAPTURE_AUTORELEASING = YES;
				CLANG_WARN_BOOL_CONVERSION = YES;
				CLANG_WARN_COMMA = YES;
				CLANG_WARN_CONSTANT_CONVERSION = YES;
				CLANG_WARN_DEPRECATED_OBJC_IMPLEMENTATIONS = YES;
				CLANG_WARN_DIRECT_OBJC_ISA_USAGE = YES_ERROR;
				CLANG_WARN_DOCUMENTATION_COMMENTS = YES;
				CLANG_WARN_EMPTY_BODY = YES;
				CLANG_WARN_ENUM_CONVERSION = YES;
				CLANG_WARN_INFINITE_RECURSION = YES;
				CLANG_WARN_INT_CONVERSION = YES;
				CLANG_WARN_NON_LITERAL_NULL_CONVERSION = YES;
				CLANG_WARN_OBJC_IMPLICIT_RETAIN_SELF = YES;
				CLANG_WARN_OBJC_LITERAL_CONVERSION = YES;
				CLANG_WARN_OBJC_ROOT_CLASS = YES_ERROR;
				CLANG_WARN_QUOTED_INCLUDE_IN_FRAMEWORK_HEADER = YES;
				CLANG_WARN_RANGE_LOOP_ANALYSIS = YES;
				CLANG_WARN_STRICT_PROTOTYPES = YES;
				CLANG_WARN_SUSPICIOUS_MOVE = YES;
				CLANG_WARN_UNGUARDED_AVAILABILITY = YES_AGGRESSIVE;
				CLANG_WARN_UNREACHABLE_CODE = YES;
				CLANG_WARN__DUPLICATE_METHOD_MATCH = YES;
				COPY_PHASE_STRIP = NO;
				DEAD_CODE_STRIPPING = YES;
				DEBUG_INFORMATION_FORMAT = dwarf;
				ENABLE_STRICT_OBJC_MSGSEND = YES;
				ENABLE_TESTABILITY = YES;
				ENABLE_USER_SCRIPT_SANDBOXING = YES;
				GCC_C_LANGUAGE_STANDARD = gnu17;
				GCC_DYNAMIC_NO_PIC = NO;
				GCC_NO_COMMON_BLOCKS = YES;
				GCC_OPTIMIZATION_LEVEL = 0;
				GCC_PREPROCESSOR_DEFINITIONS = (
					"DEBUG=1",
					"$(inherited)",
				);
				GCC_WARN_64_TO_32_BIT_CONVERSION = YES;
				GCC_WARN_ABOUT_RETURN_TYPE = YES_ERROR;
				GCC_WARN_UNDECLARED_SELECTOR = YES;
				GCC_WARN_UNINITIALIZED_AUTOS = YES_AGGRESSIVE;
				GCC_WARN_UNUSED_FUNCTION = YES;
				GCC_WARN_UNUSED_VARIABLE = YES;
				LOCALIZATION_PREFERS_STRING_CATALOGS = YES;
				MACOSX_DEPLOYMENT_TARGET = 15.4;
				MTL_ENABLE_DEBUG_INFO = INCLUDE_SOURCE;
				MTL_FAST_MATH = YES;
				ONLY_ACTIVE_ARCH = YES;
				SDKROOT = macosx;
				SWIFT_ACTIVE_COMPILATION_CONDITIONS = "DEBUG $(inherited)";
				SWIFT_OPTIMIZATION_LEVEL = "-Onone";
			};
			name = Debug;
		};
		B9FD22542DB75E33001C6BE4 /* Release */ = {
			isa = XCBuildConfiguration;
			buildSettings = {
				ALWAYS_SEARCH_USER_PATHS = NO;
				ASSETCATALOG_COMPILER_GENERATE_SWIFT_ASSET_SYMBOL_EXTENSIONS = YES;
				CLANG_ANALYZER_NONNULL = YES;
				CLANG_ANALYZER_NUMBER_OBJECT_CONVERSION = YES_AGGRESSIVE;
				CLANG_CXX_LANGUAGE_STANDARD = "gnu++20";
				CLANG_ENABLE_MODULES = YES;
				CLANG_ENABLE_OBJC_ARC = YES;
				CLANG_ENABLE_OBJC_WEAK = YES;
				CLANG_WARN_BLOCK_CAPTURE_AUTORELEASING = YES;
				CLANG_WARN_BOOL_CONVERSION = YES;
				CLANG_WARN_COMMA = YES;
				CLANG_WARN_CONSTANT_CONVERSION = YES;
				CLANG_WARN_DEPRECATED_OBJC_IMPLEMENTATIONS = YES;
				CLANG_WARN_DIRECT_OBJC_ISA_USAGE = YES_ERROR;
				CLANG_WARN_DOCUMENTATION_COMMENTS = YES;
				CLANG_WARN_EMPTY_BODY = YES;
				CLANG_WARN_ENUM_CONVERSION = YES;
				CLANG_WARN_INFINITE_RECURSION = YES;
				CLANG_WARN_INT_CONVERSION = YES;
				CLANG_WARN_NON_LITERAL_NULL_CONVERSION = YES;
				CLANG_WARN_OBJC_IMPLICIT_RETAIN_SELF = YES;
				CLANG_WARN_OBJC_LITERAL_CONVERSION = YES;
				CLANG_WARN_OBJC_ROOT_CLASS = YES_ERROR;
				CLANG_WARN_QUOTED_INCLUDE_IN_FRAMEWORK_HEADER = YES;
				CLANG_WARN_RANGE_LOOP_ANALYSIS = YES;
				CLANG_WARN_STRICT_PROTOTYPES = YES;
				CLANG_WARN_SUSPICIOUS_MOVE = YES;
				CLANG_WARN_UNGUARDED_AVAILABILITY = YES_AGGRESSIVE;
				CLANG_WARN_UNREACHABLE_CODE = YES;
				CLANG_WARN__DUPLICATE_METHOD_MATCH = YES;
				COPY_PHASE_STRIP = NO;
				DEAD_CODE_STRIPPING = YES;
				DEBUG_INFORMATION_FORMAT = "dwarf-with-dsym";
				ENABLE_NS_ASSERTIONS = NO;
				ENABLE_STRICT_OBJC_MSGSEND = YES;
				ENABLE_USER_SCRIPT_SANDBOXING = YES;
				GCC_C_LANGUAGE_STANDARD = gnu17;
				GCC_NO_COMMON_BLOCKS = YES;
				GCC_WARN_64_TO_32_BIT_CONVERSION = YES;
				GCC_WARN_ABOUT_RETURN_TYPE = YES_ERROR;
				GCC_WARN_UNDECLARED_SELECTOR = YES;
				GCC_WARN_UNINITIALIZED_AUTOS = YES_AGGRESSIVE;
				GCC_WARN_UNUSED_FUNCTION = YES;
				GCC_WARN_UNUSED_VARIABLE = YES;
				LOCALIZATION_PREFERS_STRING_CATALOGS = YES;
				MACOSX_DEPLOYMENT_TARGET = 15.4;
				MTL_ENABLE_DEBUG_INFO = NO;
				MTL_FAST_MATH = YES;
				SDKROOT = macosx;
				SWIFT_COMPILATION_MODE = wholemodule;
			};
			name = Release;
		};
		B9FD22562DB75E33001C6BE4 /* Debug */ = {
			isa = XCBuildConfiguration;
			buildSettings = {
				ASSETCATALOG_COMPILER_APPICON_NAME = AppIcon;
				ASSETCATALOG_COMPILER_GLOBAL_ACCENT_COLOR_NAME = AccentColor;
				CODE_SIGN_ENTITLEMENTS = "photo-export/photo_export.entitlements";
				CODE_SIGN_STYLE = Automatic;
				COMBINE_HIDPI_IMAGES = YES;
				CURRENT_PROJECT_VERSION = 1;
				DEAD_CODE_STRIPPING = YES;
				ENABLE_PREVIEWS = YES;
				GENERATE_INFOPLIST_FILE = YES;
				INFOPLIST_KEY_CFBundleDisplayName = "Photo Export";
				INFOPLIST_KEY_NSHumanReadableCopyright = "";
				INFOPLIST_KEY_NSPhotoLibraryUsageDescription = "This app needs access to your Photos library to back up your photos and videos to external storage.";
				LD_RUNPATH_SEARCH_PATHS = (
					"$(inherited)",
					"@executable_path/../Frameworks",
				);
				MARKETING_VERSION = 1.0;
				PRODUCT_BUNDLE_IDENTIFIER = "valtteriluoma.photo-export";
				PRODUCT_NAME = "$(TARGET_NAME)";
				REGISTER_APP_GROUPS = YES;
				SWIFT_EMIT_LOC_STRINGS = YES;
				SWIFT_VERSION = 5.0;
			};
			name = Debug;
		};
		B9FD22572DB75E33001C6BE4 /* Release */ = {
			isa = XCBuildConfiguration;
			buildSettings = {
				ASSETCATALOG_COMPILER_APPICON_NAME = AppIcon;
				ASSETCATALOG_COMPILER_GLOBAL_ACCENT_COLOR_NAME = AccentColor;
				CODE_SIGN_ENTITLEMENTS = "photo-export/photo_export.entitlements";
				CODE_SIGN_STYLE = Automatic;
				COMBINE_HIDPI_IMAGES = YES;
				CURRENT_PROJECT_VERSION = 1;
				DEAD_CODE_STRIPPING = YES;
				ENABLE_PREVIEWS = YES;
				GENERATE_INFOPLIST_FILE = YES;
				INFOPLIST_KEY_CFBundleDisplayName = "Photo Export";
				INFOPLIST_KEY_NSHumanReadableCopyright = "";
				INFOPLIST_KEY_NSPhotoLibraryUsageDescription = "This app needs access to your Photos library to back up your photos and videos to external storage.";
				LD_RUNPATH_SEARCH_PATHS = (
					"$(inherited)",
					"@executable_path/../Frameworks",
				);
				MARKETING_VERSION = 1.0;
				PRODUCT_BUNDLE_IDENTIFIER = "valtteriluoma.photo-export";
				PRODUCT_NAME = "$(TARGET_NAME)";
				REGISTER_APP_GROUPS = YES;
				SWIFT_EMIT_LOC_STRINGS = YES;
				SWIFT_VERSION = 5.0;
			};
			name = Release;
		};
		B9FD22592DB75E33001C6BE4 /* Debug */ = {
			isa = XCBuildConfiguration;
			buildSettings = {
				BUNDLE_LOADER = "$(TEST_HOST)";
				CODE_SIGN_STYLE = Automatic;
				CURRENT_PROJECT_VERSION = 1;
				DEAD_CODE_STRIPPING = YES;
				GENERATE_INFOPLIST_FILE = YES;
				MACOSX_DEPLOYMENT_TARGET = 15.4;
				MARKETING_VERSION = 1.0;
				PRODUCT_BUNDLE_IDENTIFIER = "valtteriluoma.photo-exportTests";
				PRODUCT_NAME = "$(TARGET_NAME)";
				SWIFT_EMIT_LOC_STRINGS = NO;
				SWIFT_VERSION = 5.0;
				TEST_HOST = "$(BUILT_PRODUCTS_DIR)/photo-export.app/$(BUNDLE_EXECUTABLE_FOLDER_PATH)/photo-export";
			};
			name = Debug;
		};
		B9FD225A2DB75E33001C6BE4 /* Release */ = {
			isa = XCBuildConfiguration;
			buildSettings = {
				BUNDLE_LOADER = "$(TEST_HOST)";
				CODE_SIGN_STYLE = Automatic;
				CURRENT_PROJECT_VERSION = 1;
				DEAD_CODE_STRIPPING = YES;
				GENERATE_INFOPLIST_FILE = YES;
				MACOSX_DEPLOYMENT_TARGET = 15.4;
				MARKETING_VERSION = 1.0;
				PRODUCT_BUNDLE_IDENTIFIER = "valtteriluoma.photo-exportTests";
				PRODUCT_NAME = "$(TARGET_NAME)";
				SWIFT_EMIT_LOC_STRINGS = NO;
				SWIFT_VERSION = 5.0;
				TEST_HOST = "$(BUILT_PRODUCTS_DIR)/photo-export.app/$(BUNDLE_EXECUTABLE_FOLDER_PATH)/photo-export";
			};
			name = Release;
		};
		B9FD225C2DB75E33001C6BE4 /* Debug */ = {
			isa = XCBuildConfiguration;
			buildSettings = {
				CODE_SIGN_STYLE = Automatic;
				CURRENT_PROJECT_VERSION = 1;
				DEAD_CODE_STRIPPING = YES;
				GENERATE_INFOPLIST_FILE = YES;
				MARKETING_VERSION = 1.0;
				PRODUCT_BUNDLE_IDENTIFIER = "valtteriluoma.photo-exportUITests";
				PRODUCT_NAME = "$(TARGET_NAME)";
				SWIFT_EMIT_LOC_STRINGS = NO;
				SWIFT_VERSION = 5.0;
				TEST_TARGET_NAME = "photo-export";
			};
			name = Debug;
		};
		B9FD225D2DB75E33001C6BE4 /* Release */ = {
			isa = XCBuildConfiguration;
			buildSettings = {
				CODE_SIGN_STYLE = Automatic;
				CURRENT_PROJECT_VERSION = 1;
				DEAD_CODE_STRIPPING = YES;
				GENERATE_INFOPLIST_FILE = YES;
				MARKETING_VERSION = 1.0;
				PRODUCT_BUNDLE_IDENTIFIER = "valtteriluoma.photo-exportUITests";
				PRODUCT_NAME = "$(TARGET_NAME)";
				SWIFT_EMIT_LOC_STRINGS = NO;
				SWIFT_VERSION = 5.0;
				TEST_TARGET_NAME = "photo-export";
			};
			name = Release;
		};
/* End XCBuildConfiguration section */

/* Begin XCConfigurationList section */
		B9FD222E2DB75E32001C6BE4 /* Build configuration list for PBXProject "photo-export" */ = {
			isa = XCConfigurationList;
			buildConfigurations = (
				B9FD22532DB75E33001C6BE4 /* Debug */,
				B9FD22542DB75E33001C6BE4 /* Release */,
			);
			defaultConfigurationIsVisible = 0;
			defaultConfigurationName = Release;
		};
		B9FD22552DB75E33001C6BE4 /* Build configuration list for PBXNativeTarget "photo-export" */ = {
			isa = XCConfigurationList;
			buildConfigurations = (
				B9FD22562DB75E33001C6BE4 /* Debug */,
				B9FD22572DB75E33001C6BE4 /* Release */,
			);
			defaultConfigurationIsVisible = 0;
			defaultConfigurationName = Release;
		};
		B9FD22582DB75E33001C6BE4 /* Build configuration list for PBXNativeTarget "photo-exportTests" */ = {
			isa = XCConfigurationList;
			buildConfigurations = (
				B9FD22592DB75E33001C6BE4 /* Debug */,
				B9FD225A2DB75E33001C6BE4 /* Release */,
			);
			defaultConfigurationIsVisible = 0;
			defaultConfigurationName = Release;
		};
		B9FD225B2DB75E33001C6BE4 /* Build configuration list for PBXNativeTarget "photo-exportUITests" */ = {
			isa = XCConfigurationList;
			buildConfigurations = (
				B9FD225C2DB75E33001C6BE4 /* Debug */,
				B9FD225D2DB75E33001C6BE4 /* Release */,
			);
			defaultConfigurationIsVisible = 0;
			defaultConfigurationName = Release;
		};
/* End XCConfigurationList section */
	};
	rootObject = B9FD222B2DB75E32001C6BE4 /* Project object */;
}
